// !$*UTF8*$!
{
	archiveVersion = 1;
	classes = {
	};
	objectVersion = 56;
	objects = {

/* Begin PBXBuildFile section */
		D65BCC4B2E551AE400384197 /* FocusBuddyApp.swift in Sources */ = {isa = PBXBuildFile; fileRef = D65BCC4A2E551AE400384197 /* FocusBuddyApp.swift */; };
		D65BCC4D2E551AE400384197 /* ContentView.swift in Sources */ = {isa = PBXBuildFile; fileRef = D65BCC4C2E551AE400384197 /* ContentView.swift */; };
		D65BCC4F2E551AE500384197 /* Assets.xcassets in Resources */ = {isa = PBXBuildFile; fileRef = D65BCC4E2E551AE500384197 /* Assets.xcassets */; };
		D65BCC522E551AE500384197 /* Preview Assets.xcassets in Resources */ = {isa = PBXBuildFile; fileRef = D65BCC512E551AE500384197 /* Preview Assets.xcassets */; };
		D65BCC5D2E551AE600384197 /* FocusBuddyTests.swift in Sources */ = {isa = PBXBuildFile; fileRef = D65BCC5C2E551AE600384197 /* FocusBuddyTests.swift */; };
		D65BCC672E551AE600384197 /* FocusBuddyUITests.swift in Sources */ = {isa = PBXBuildFile; fileRef = D65BCC662E551AE600384197 /* FocusBuddyUITests.swift */; };
		D65BCC692E551AE600384197 /* FocusBuddyUITestsLaunchTests.swift in Sources */ = {isa = PBXBuildFile; fileRef = D65BCC682E551AE600384197 /* FocusBuddyUITestsLaunchTests.swift */; };
		D65BCC762E551DAB00384197 /* FocusTimerViewModel.swift in Sources */ = {isa = PBXBuildFile; fileRef = D65BCC752E551DAB00384197 /* FocusTimerViewModel.swift */; };
		D65BCC782E55261400384197 /* PresetChip.swift in Sources */ = {isa = PBXBuildFile; fileRef = D65BCC772E55261400384197 /* PresetChip.swift */; };
		D65BCC7C2E552B9200384197 /* FloatingTimerWindow.swift in Sources */ = {isa = PBXBuildFile; fileRef = D65BCC7B2E552B9200384197 /* FloatingTimerWindow.swift */; };
		D65BCC7E2E552F8E00384197 /* FloatingTimerView.swift in Sources */ = {isa = PBXBuildFile; fileRef = D65BCC7D2E552F8E00384197 /* FloatingTimerView.swift */; };
		D65BCC802E554CE500384197 /* FlowLayout.swift in Sources */ = {isa = PBXBuildFile; fileRef = D65BCC7F2E554CE500384197 /* FlowLayout.swift */; };
		D65BCC822E55573A00384197 /* ThemePal.swift in Sources */ = {isa = PBXBuildFile; fileRef = D65BCC812E55573A00384197 /* ThemePal.swift */; };
		D65BCC842E55579200384197 /* SettingsView.swift in Sources */ = {isa = PBXBuildFile; fileRef = D65BCC832E55579200384197 /* SettingsView.swift */; };
/* End PBXBuildFile section */

/* Begin PBXContainerItemProxy section */
		D65BCC592E551AE600384197 /* PBXContainerItemProxy */ = {
			isa = PBXContainerItemProxy;
			containerPortal = D65BCC3F2E551AE400384197 /* Project object */;
			proxyType = 1;
			remoteGlobalIDString = D65BCC462E551AE400384197;
			remoteInfo = FocusBuddy;
		};
		D65BCC632E551AE600384197 /* PBXContainerItemProxy */ = {
			isa = PBXContainerItemProxy;
			containerPortal = D65BCC3F2E551AE400384197 /* Project object */;
			proxyType = 1;
			remoteGlobalIDString = D65BCC462E551AE400384197;
			remoteInfo = FocusBuddy;
		};
/* End PBXContainerItemProxy section */

/* Begin PBXFileReference section */
		D65BCC472E551AE400384197 /* FocusBuddy.app */ = {isa = PBXFileReference; explicitFileType = wrapper.application; includeInIndex = 0; path = FocusBuddy.app; sourceTree = BUILT_PRODUCTS_DIR; };
		D65BCC4A2E551AE400384197 /* FocusBuddyApp.swift */ = {isa = PBXFileReference; lastKnownFileType = sourcecode.swift; path = FocusBuddyApp.swift; sourceTree = "<group>"; };
		D65BCC4C2E551AE400384197 /* ContentView.swift */ = {isa = PBXFileReference; lastKnownFileType = sourcecode.swift; path = ContentView.swift; sourceTree = "<group>"; };
		D65BCC4E2E551AE500384197 /* Assets.xcassets */ = {isa = PBXFileReference; lastKnownFileType = folder.assetcatalog; path = Assets.xcassets; sourceTree = "<group>"; };
		D65BCC512E551AE500384197 /* Preview Assets.xcassets */ = {isa = PBXFileReference; lastKnownFileType = folder.assetcatalog; path = "Preview Assets.xcassets"; sourceTree = "<group>"; };
		D65BCC532E551AE500384197 /* FocusBuddy.entitlements */ = {isa = PBXFileReference; lastKnownFileType = text.plist.entitlements; path = FocusBuddy.entitlements; sourceTree = "<group>"; };
		D65BCC582E551AE600384197 /* FocusBuddyTests.xctest */ = {isa = PBXFileReference; explicitFileType = wrapper.cfbundle; includeInIndex = 0; path = FocusBuddyTests.xctest; sourceTree = BUILT_PRODUCTS_DIR; };
		D65BCC5C2E551AE600384197 /* FocusBuddyTests.swift */ = {isa = PBXFileReference; lastKnownFileType = sourcecode.swift; path = FocusBuddyTests.swift; sourceTree = "<group>"; };
		D65BCC622E551AE600384197 /* FocusBuddyUITests.xctest */ = {isa = PBXFileReference; explicitFileType = wrapper.cfbundle; includeInIndex = 0; path = FocusBuddyUITests.xctest; sourceTree = BUILT_PRODUCTS_DIR; };
		D65BCC662E551AE600384197 /* FocusBuddyUITests.swift */ = {isa = PBXFileReference; lastKnownFileType = sourcecode.swift; path = FocusBuddyUITests.swift; sourceTree = "<group>"; };
		D65BCC682E551AE600384197 /* FocusBuddyUITestsLaunchTests.swift */ = {isa = PBXFileReference; lastKnownFileType = sourcecode.swift; path = FocusBuddyUITestsLaunchTests.swift; sourceTree = "<group>"; };
		D65BCC752E551DAB00384197 /* FocusTimerViewModel.swift */ = {isa = PBXFileReference; lastKnownFileType = sourcecode.swift; path = FocusTimerViewModel.swift; sourceTree = "<group>"; };
		D65BCC772E55261400384197 /* PresetChip.swift */ = {isa = PBXFileReference; lastKnownFileType = sourcecode.swift; path = PresetChip.swift; sourceTree = "<group>"; };
		D65BCC7B2E552B9200384197 /* FloatingTimerWindow.swift */ = {isa = PBXFileReference; lastKnownFileType = sourcecode.swift; path = FloatingTimerWindow.swift; sourceTree = "<group>"; };
		D65BCC7D2E552F8E00384197 /* FloatingTimerView.swift */ = {isa = PBXFileReference; lastKnownFileType = sourcecode.swift; path = FloatingTimerView.swift; sourceTree = "<group>"; };
		D65BCC7F2E554CE500384197 /* FlowLayout.swift */ = {isa = PBXFileReference; lastKnownFileType = sourcecode.swift; path = FlowLayout.swift; sourceTree = "<group>"; };
		D65BCC812E55573A00384197 /* ThemePal.swift */ = {isa = PBXFileReference; lastKnownFileType = sourcecode.swift; path = ThemePal.swift; sourceTree = "<group>"; };
		D65BCC832E55579200384197 /* SettingsView.swift */ = {isa = PBXFileReference; lastKnownFileType = sourcecode.swift; path = SettingsView.swift; sourceTree = "<group>"; };
/* End PBXFileReference section */

/* Begin PBXFrameworksBuildPhase section */
		D65BCC442E551AE400384197 /* Frameworks */ = {
			isa = PBXFrameworksBuildPhase;
			buildActionMask = 2147483647;
			files = (
			);
			runOnlyForDeploymentPostprocessing = 0;
		};
		D65BCC552E551AE600384197 /* Frameworks */ = {
			isa = PBXFrameworksBuildPhase;
			buildActionMask = 2147483647;
			files = (
			);
			runOnlyForDeploymentPostprocessing = 0;
		};
		D65BCC5F2E551AE600384197 /* Frameworks */ = {
			isa = PBXFrameworksBuildPhase;
			buildActionMask = 2147483647;
			files = (
			);
			runOnlyForDeploymentPostprocessing = 0;
		};
/* End PBXFrameworksBuildPhase section */

/* Begin PBXGroup section */
		D65BCC3E2E551AE400384197 = {
			isa = PBXGroup;
			children = (
				D65BCC492E551AE400384197 /* FocusBuddy */,
				D65BCC5B2E551AE600384197 /* FocusBuddyTests */,
				D65BCC652E551AE600384197 /* FocusBuddyUITests */,
				D65BCC482E551AE400384197 /* Products */,
			);
			sourceTree = "<group>";
		};
		D65BCC482E551AE400384197 /* Products */ = {
			isa = PBXGroup;
			children = (
				D65BCC472E551AE400384197 /* FocusBuddy.app */,
				D65BCC582E551AE600384197 /* FocusBuddyTests.xctest */,
				D65BCC622E551AE600384197 /* FocusBuddyUITests.xctest */,
			);
			name = Products;
			sourceTree = "<group>";
		};
		D65BCC492E551AE400384197 /* FocusBuddy */ = {
			isa = PBXGroup;
			children = (
				D65BCC4A2E551AE400384197 /* FocusBuddyApp.swift */,
				D65BCC752E551DAB00384197 /* FocusTimerViewModel.swift */,
				D65BCC812E55573A00384197 /* ThemePal.swift */,
				D65BCC4C2E551AE400384197 /* ContentView.swift */,
				D65BCC772E55261400384197 /* PresetChip.swift */,
				D65BCC7F2E554CE500384197 /* FlowLayout.swift */,
				D65BCC7B2E552B9200384197 /* FloatingTimerWindow.swift */,
				D65BCC7D2E552F8E00384197 /* FloatingTimerView.swift */,
				D65BCC4E2E551AE500384197 /* Assets.xcassets */,
				D65BCC532E551AE500384197 /* FocusBuddy.entitlements */,
				D65BCC502E551AE500384197 /* Preview Content */,
				D65BCC832E55579200384197 /* SettingsView.swift */,
			);
			path = FocusBuddy;
			sourceTree = "<group>";
		};
		D65BCC502E551AE500384197 /* Preview Content */ = {
			isa = PBXGroup;
			children = (
				D65BCC512E551AE500384197 /* Preview Assets.xcassets */,
			);
			path = "Preview Content";
			sourceTree = "<group>";
		};
		D65BCC5B2E551AE600384197 /* FocusBuddyTests */ = {
			isa = PBXGroup;
			children = (
				D65BCC5C2E551AE600384197 /* FocusBuddyTests.swift */,
			);
			path = FocusBuddyTests;
			sourceTree = "<group>";
		};
		D65BCC652E551AE600384197 /* FocusBuddyUITests */ = {
			isa = PBXGroup;
			children = (
				D65BCC662E551AE600384197 /* FocusBuddyUITests.swift */,
				D65BCC682E551AE600384197 /* FocusBuddyUITestsLaunchTests.swift */,
			);
			path = FocusBuddyUITests;
			sourceTree = "<group>";
		};
/* End PBXGroup section */

/* Begin PBXNativeTarget section */
		D65BCC462E551AE400384197 /* FocusBuddy */ = {
			isa = PBXNativeTarget;
			buildConfigurationList = D65BCC6C2E551AE600384197 /* Build configuration list for PBXNativeTarget "FocusBuddy" */;
			buildPhases = (
				D65BCC432E551AE400384197 /* Sources */,
				D65BCC442E551AE400384197 /* Frameworks */,
				D65BCC452E551AE400384197 /* Resources */,
			);
			buildRules = (
			);
			dependencies = (
			);
			name = FocusBuddy;
			productName = FocusBuddy;
			productReference = D65BCC472E551AE400384197 /* FocusBuddy.app */;
			productType = "com.apple.product-type.application";
		};
		D65BCC572E551AE600384197 /* FocusBuddyTests */ = {
			isa = PBXNativeTarget;
			buildConfigurationList = D65BCC6F2E551AE600384197 /* Build configuration list for PBXNativeTarget "FocusBuddyTests" */;
			buildPhases = (
				D65BCC542E551AE600384197 /* Sources */,
				D65BCC552E551AE600384197 /* Frameworks */,
				D65BCC562E551AE600384197 /* Resources */,
			);
			buildRules = (
			);
			dependencies = (
				D65BCC5A2E551AE600384197 /* PBXTargetDependency */,
			);
			name = FocusBuddyTests;
			productName = FocusBuddyTests;
			productReference = D65BCC582E551AE600384197 /* FocusBuddyTests.xctest */;
			productType = "com.apple.product-type.bundle.unit-test";
		};
		D65BCC612E551AE600384197 /* FocusBuddyUITests */ = {
			isa = PBXNativeTarget;
			buildConfigurationList = D65BCC722E551AE600384197 /* Build configuration list for PBXNativeTarget "FocusBuddyUITests" */;
			buildPhases = (
				D65BCC5E2E551AE600384197 /* Sources */,
				D65BCC5F2E551AE600384197 /* Frameworks */,
				D65BCC602E551AE600384197 /* Resources */,
			);
			buildRules = (
			);
			dependencies = (
				D65BCC642E551AE600384197 /* PBXTargetDependency */,
			);
			name = FocusBuddyUITests;
			productName = FocusBuddyUITests;
			productReference = D65BCC622E551AE600384197 /* FocusBuddyUITests.xctest */;
			productType = "com.apple.product-type.bundle.ui-testing";
		};
/* End PBXNativeTarget section */

/* Begin PBXProject section */
		D65BCC3F2E551AE400384197 /* Project object */ = {
			isa = PBXProject;
			attributes = {
				BuildIndependentTargetsInParallel = 1;
				LastSwiftUpdateCheck = 1540;
				LastUpgradeCheck = 1540;
				TargetAttributes = {
					D65BCC462E551AE400384197 = {
						CreatedOnToolsVersion = 15.4;
					};
					D65BCC572E551AE600384197 = {
						CreatedOnToolsVersion = 15.4;
						TestTargetID = D65BCC462E551AE400384197;
					};
					D65BCC612E551AE600384197 = {
						CreatedOnToolsVersion = 15.4;
						TestTargetID = D65BCC462E551AE400384197;
					};
				};
			};
			buildConfigurationList = D65BCC422E551AE400384197 /* Build configuration list for PBXProject "FocusBuddy" */;
			compatibilityVersion = "Xcode 14.0";
			developmentRegion = en;
			hasScannedForEncodings = 0;
			knownRegions = (
				en,
				Base,
			);
			mainGroup = D65BCC3E2E551AE400384197;
			productRefGroup = D65BCC482E551AE400384197 /* Products */;
			projectDirPath = "";
			projectRoot = "";
			targets = (
				D65BCC462E551AE400384197 /* FocusBuddy */,
				D65BCC572E551AE600384197 /* FocusBuddyTests */,
				D65BCC612E551AE600384197 /* FocusBuddyUITests */,
			);
		};
/* End PBXProject section */

/* Begin PBXResourcesBuildPhase section */
		D65BCC452E551AE400384197 /* Resources */ = {
			isa = PBXResourcesBuildPhase;
			buildActionMask = 2147483647;
			files = (
				D65BCC522E551AE500384197 /* Preview Assets.xcassets in Resources */,
				D65BCC4F2E551AE500384197 /* Assets.xcassets in Resources */,
			);
			runOnlyForDeploymentPostprocessing = 0;
		};
		D65BCC562E551AE600384197 /* Resources */ = {
			isa = PBXResourcesBuildPhase;
			buildActionMask = 2147483647;
			files = (
			);
			runOnlyForDeploymentPostprocessing = 0;
		};
		D65BCC602E551AE600384197 /* Resources */ = {
			isa = PBXResourcesBuildPhase;
			buildActionMask = 2147483647;
			files = (
			);
			runOnlyForDeploymentPostprocessing = 0;
		};
/* End PBXResourcesBuildPhase section */

/* Begin PBXSourcesBuildPhase section */
		D65BCC432E551AE400384197 /* Sources */ = {
			isa = PBXSourcesBuildPhase;
			buildActionMask = 2147483647;
			files = (
				D65BCC802E554CE500384197 /* FlowLayout.swift in Sources */,
				D65BCC822E55573A00384197 /* ThemePal.swift in Sources */,
				D65BCC762E551DAB00384197 /* FocusTimerViewModel.swift in Sources */,
				D65BCC842E55579200384197 /* SettingsView.swift in Sources */,
				D65BCC4D2E551AE400384197 /* ContentView.swift in Sources */,
				D65BCC7E2E552F8E00384197 /* FloatingTimerView.swift in Sources */,
				D65BCC782E55261400384197 /* PresetChip.swift in Sources */,
				D65BCC4B2E551AE400384197 /* FocusBuddyApp.swift in Sources */,
				D65BCC7C2E552B9200384197 /* FloatingTimerWindow.swift in Sources */,
			);
			runOnlyForDeploymentPostprocessing = 0;
		};
		D65BCC542E551AE600384197 /* Sources */ = {
			isa = PBXSourcesBuildPhase;
			buildActionMask = 2147483647;
			files = (
				D65BCC5D2E551AE600384197 /* FocusBuddyTests.swift in Sources */,
			);
			runOnlyForDeploymentPostprocessing = 0;
		};
		D65BCC5E2E551AE600384197 /* Sources */ = {
			isa = PBXSourcesBuildPhase;
			buildActionMask = 2147483647;
			files = (
				D65BCC692E551AE600384197 /* FocusBuddyUITestsLaunchTests.swift in Sources */,
				D65BCC672E551AE600384197 /* FocusBuddyUITests.swift in Sources */,
			);
			runOnlyForDeploymentPostprocessing = 0;
		};
/* End PBXSourcesBuildPhase section */

/* Begin PBXTargetDependency section */
		D65BCC5A2E551AE600384197 /* PBXTargetDependency */ = {
			isa = PBXTargetDependency;
			target = D65BCC462E551AE400384197 /* FocusBuddy */;
			targetProxy = D65BCC592E551AE600384197 /* PBXContainerItemProxy */;
		};
		D65BCC642E551AE600384197 /* PBXTargetDependency */ = {
			isa = PBXTargetDependency;
			target = D65BCC462E551AE400384197 /* FocusBuddy */;
			targetProxy = D65BCC632E551AE600384197 /* PBXContainerItemProxy */;
		};
/* End PBXTargetDependency section */

/* Begin XCBuildConfiguration section */
		D65BCC6A2E551AE600384197 /* Debug */ = {
			isa = XCBuildConfiguration;
			buildSettings = {
				ALWAYS_SEARCH_USER_PATHS = NO;
				ASSETCATALOG_COMPILER_GENERATE_SWIFT_ASSET_SYMBOL_EXTENSIONS = YES;
				CLANG_ANALYZER_NONNULL = YES;
				CLANG_ANALYZER_NUMBER_OBJECT_CONVERSION = YES_AGGRESSIVE;
				CLANG_CXX_LANGUAGE_STANDARD = "gnu++20";
				CLANG_ENABLE_MODULES = YES;
				CLANG_ENABLE_OBJC_ARC = YES;
				CLANG_ENABLE_OBJC_WEAK = YES;
				CLANG_WARN_BLOCK_CAPTURE_AUTORELEASING = YES;
				CLANG_WARN_BOOL_CONVERSION = YES;
				CLANG_WARN_COMMA = YES;
				CLANG_WARN_CONSTANT_CONVERSION = YES;
				CLANG_WARN_DEPRECATED_OBJC_IMPLEMENTATIONS = YES;
				CLANG_WARN_DIRECT_OBJC_ISA_USAGE = YES_ERROR;
				CLANG_WARN_DOCUMENTATION_COMMENTS = YES;
				CLANG_WARN_EMPTY_BODY = YES;
				CLANG_WARN_ENUM_CONVERSION = YES;
				CLANG_WARN_INFINITE_RECURSION = YES;
				CLANG_WARN_INT_CONVERSION = YES;
				CLANG_WARN_NON_LITERAL_NULL_CONVERSION = YES;
				CLANG_WARN_OBJC_IMPLICIT_RETAIN_SELF = YES;
				CLANG_WARN_OBJC_LITERAL_CONVERSION = YES;
				CLANG_WARN_OBJC_ROOT_CLASS = YES_ERROR;
				CLANG_WARN_QUOTED_INCLUDE_IN_FRAMEWORK_HEADER = YES;
				CLANG_WARN_RANGE_LOOP_ANALYSIS = YES;
				CLANG_WARN_STRICT_PROTOTYPES = YES;
				CLANG_WARN_SUSPICIOUS_MOVE = YES;
				CLANG_WARN_UNGUARDED_AVAILABILITY = YES_AGGRESSIVE;
				CLANG_WARN_UNREACHABLE_CODE = YES;
				CLANG_WARN__DUPLICATE_METHOD_MATCH = YES;
				COPY_PHASE_STRIP = NO;
				DEBUG_INFORMATION_FORMAT = dwarf;
				ENABLE_STRICT_OBJC_MSGSEND = YES;
				ENABLE_TESTABILITY = YES;
				ENABLE_USER_SCRIPT_SANDBOXING = YES;
				GCC_C_LANGUAGE_STANDARD = gnu17;
				GCC_DYNAMIC_NO_PIC = NO;
				GCC_NO_COMMON_BLOCKS = YES;
				GCC_OPTIMIZATION_LEVEL = 0;
				GCC_PREPROCESSOR_DEFINITIONS = (
					"DEBUG=1",
					"$(inherited)",
				);
				GCC_WARN_64_TO_32_BIT_CONVERSION = YES;
				GCC_WARN_ABOUT_RETURN_TYPE = YES_ERROR;
				GCC_WARN_UNDECLARED_SELECTOR = YES;
				GCC_WARN_UNINITIALIZED_AUTOS = YES_AGGRESSIVE;
				GCC_WARN_UNUSED_FUNCTION = YES;
				GCC_WARN_UNUSED_VARIABLE = YES;
				LOCALIZATION_PREFERS_STRING_CATALOGS = YES;
				MACOSX_DEPLOYMENT_TARGET = 14.1;
				MTL_ENABLE_DEBUG_INFO = INCLUDE_SOURCE;
				MTL_FAST_MATH = YES;
				ONLY_ACTIVE_ARCH = YES;
				SDKROOT = macosx;
				SWIFT_ACTIVE_COMPILATION_CONDITIONS = "DEBUG $(inherited)";
				SWIFT_OPTIMIZATION_LEVEL = "-Onone";
			};
			name = Debug;
		};
		D65BCC6B2E551AE600384197 /* Release */ = {
			isa = XCBuildConfiguration;
			buildSettings = {
				ALWAYS_SEARCH_USER_PATHS = NO;
				ASSETCATALOG_COMPILER_GENERATE_SWIFT_ASSET_SYMBOL_EXTENSIONS = YES;
				CLANG_ANALYZER_NONNULL = YES;
				CLANG_ANALYZER_NUMBER_OBJECT_CONVERSION = YES_AGGRESSIVE;
				CLANG_CXX_LANGUAGE_STANDARD = "gnu++20";
				CLANG_ENABLE_MODULES = YES;
				CLANG_ENABLE_OBJC_ARC = YES;
				CLANG_ENABLE_OBJC_WEAK = YES;
				CLANG_WARN_BLOCK_CAPTURE_AUTORELEASING = YES;
				CLANG_WARN_BOOL_CONVERSION = YES;
				CLANG_WARN_COMMA = YES;
				CLANG_WARN_CONSTANT_CONVERSION = YES;
				CLANG_WARN_DEPRECATED_OBJC_IMPLEMENTATIONS = YES;
				CLANG_WARN_DIRECT_OBJC_ISA_USAGE = YES_ERROR;
				CLANG_WARN_DOCUMENTATION_COMMENTS = YES;
				CLANG_WARN_EMPTY_BODY = YES;
				CLANG_WARN_ENUM_CONVERSION = YES;
				CLANG_WARN_INFINITE_RECURSION = YES;
				CLANG_WARN_INT_CONVERSION = YES;
				CLANG_WARN_NON_LITERAL_NULL_CONVERSION = YES;
				CLANG_WARN_OBJC_IMPLICIT_RETAIN_SELF = YES;
				CLANG_WARN_OBJC_LITERAL_CONVERSION = YES;
				CLANG_WARN_OBJC_ROOT_CLASS = YES_ERROR;
				CLANG_WARN_QUOTED_INCLUDE_IN_FRAMEWORK_HEADER = YES;
				CLANG_WARN_RANGE_LOOP_ANALYSIS = YES;
				CLANG_WARN_STRICT_PROTOTYPES = YES;
				CLANG_WARN_SUSPICIOUS_MOVE = YES;
				CLANG_WARN_UNGUARDED_AVAILABILITY = YES_AGGRESSIVE;
				CLANG_WARN_UNREACHABLE_CODE = YES;
				CLANG_WARN__DUPLICATE_METHOD_MATCH = YES;
				COPY_PHASE_STRIP = NO;
				DEBUG_INFORMATION_FORMAT = "dwarf-with-dsym";
				ENABLE_NS_ASSERTIONS = NO;
				ENABLE_STRICT_OBJC_MSGSEND = YES;
				ENABLE_USER_SCRIPT_SANDBOXING = YES;
				GCC_C_LANGUAGE_STANDARD = gnu17;
				GCC_NO_COMMON_BLOCKS = YES;
				GCC_WARN_64_TO_32_BIT_CONVERSION = YES;
				GCC_WARN_ABOUT_RETURN_TYPE = YES_ERROR;
				GCC_WARN_UNDECLARED_SELECTOR = YES;
				GCC_WARN_UNINITIALIZED_AUTOS = YES_AGGRESSIVE;
				GCC_WARN_UNUSED_FUNCTION = YES;
				GCC_WARN_UNUSED_VARIABLE = YES;
				LOCALIZATION_PREFERS_STRING_CATALOGS = YES;
				MACOSX_DEPLOYMENT_TARGET = 14.1;
				MTL_ENABLE_DEBUG_INFO = NO;
				MTL_FAST_MATH = YES;
				SDKROOT = macosx;
				SWIFT_COMPILATION_MODE = wholemodule;
			};
			name = Release;
		};
		D65BCC6D2E551AE600384197 /* Debug */ = {
			isa = XCBuildConfiguration;
			buildSettings = {
				ASSETCATALOG_COMPILER_APPICON_NAME = AppIcon;
				ASSETCATALOG_COMPILER_GLOBAL_ACCENT_COLOR_NAME = AccentColor;
				CODE_SIGN_ENTITLEMENTS = FocusBuddy/FocusBuddy.entitlements;
				CODE_SIGN_STYLE = Automatic;
				COMBINE_HIDPI_IMAGES = YES;
				CURRENT_PROJECT_VERSION = 1;
				DEVELOPMENT_ASSET_PATHS = "\"FocusBuddy/Preview Content\"";
				DEVELOPMENT_TEAM = 3775A7F5Y6;
				ENABLE_HARDENED_RUNTIME = YES;
				ENABLE_PREVIEWS = YES;
				GENERATE_INFOPLIST_FILE = YES;
				INFOPLIST_KEY_NSHumanReadableCopyright = "";
				LD_RUNPATH_SEARCH_PATHS = (
					"$(inherited)",
					"@executable_path/../Frameworks",
				);
				MARKETING_VERSION = 1.0;
				PRODUCT_BUNDLE_IDENTIFIER = rana.FocusBuddy;
				PRODUCT_NAME = "$(TARGET_NAME)";
				SWIFT_EMIT_LOC_STRINGS = YES;
				SWIFT_VERSION = 5.0;
			};
			name = Debug;
		};
		D65BCC6E2E551AE600384197 /* Release */ = {
			isa = XCBuildConfiguration;
			buildSettings = {
				ASSETCATALOG_COMPILER_APPICON_NAME = AppIcon;
				ASSETCATALOG_COMPILER_GLOBAL_ACCENT_COLOR_NAME = AccentColor;
				CODE_SIGN_ENTITLEMENTS = FocusBuddy/FocusBuddy.entitlements;
				CODE_SIGN_STYLE = Automatic;
				COMBINE_HIDPI_IMAGES = YES;
				CURRENT_PROJECT_VERSION = 1;
				DEVELOPMENT_ASSET_PATHS = "\"FocusBuddy/Preview Content\"";
				DEVELOPMENT_TEAM = 3775A7F5Y6;
				ENABLE_HARDENED_RUNTIME = YES;
				ENABLE_PREVIEWS = YES;
				GENERATE_INFOPLIST_FILE = YES;
				INFOPLIST_KEY_NSHumanReadableCopyright = "";
				LD_RUNPATH_SEARCH_PATHS = (
					"$(inherited)",
					"@executable_path/../Frameworks",
				);
				MARKETING_VERSION = 1.0;
				PRODUCT_BUNDLE_IDENTIFIER = rana.FocusBuddy;
				PRODUCT_NAME = "$(TARGET_NAME)";
				SWIFT_EMIT_LOC_STRINGS = YES;
				SWIFT_VERSION = 5.0;
			};
			name = Release;
		};
		D65BCC702E551AE600384197 /* Debug */ = {
			isa = XCBuildConfiguration;
			buildSettings = {
				ALWAYS_EMBED_SWIFT_STANDARD_LIBRARIES = YES;
				BUNDLE_LOADER = "$(TEST_HOST)";
				CODE_SIGN_STYLE = Automatic;
				CURRENT_PROJECT_VERSION = 1;
				DEVELOPMENT_TEAM = 3775A7F5Y6;
				GENERATE_INFOPLIST_FILE = YES;
				MACOSX_DEPLOYMENT_TARGET = 14.1;
				MARKETING_VERSION = 1.0;
				PRODUCT_BUNDLE_IDENTIFIER = rana.FocusBuddyTests;
				PRODUCT_NAME = "$(TARGET_NAME)";
				SWIFT_EMIT_LOC_STRINGS = NO;
				SWIFT_VERSION = 5.0;
				TEST_HOST = "$(BUILT_PRODUCTS_DIR)/FocusBuddy.app/$(BUNDLE_EXECUTABLE_FOLDER_PATH)/FocusBuddy";
			};
			name = Debug;
		};
		D65BCC712E551AE600384197 /* Release */ = {
			isa = XCBuildConfiguration;
			buildSettings = {
				ALWAYS_EMBED_SWIFT_STANDARD_LIBRARIES = YES;
				BUNDLE_LOADER = "$(TEST_HOST)";
				CODE_SIGN_STYLE = Automatic;
				CURRENT_PROJECT_VERSION = 1;
				DEVELOPMENT_TEAM = 3775A7F5Y6;
				GENERATE_INFOPLIST_FILE = YES;
				MACOSX_DEPLOYMENT_TARGET = 14.1;
				MARKETING_VERSION = 1.0;
				PRODUCT_BUNDLE_IDENTIFIER = rana.FocusBuddyTests;
				PRODUCT_NAME = "$(TARGET_NAME)";
				SWIFT_EMIT_LOC_STRINGS = NO;
				SWIFT_VERSION = 5.0;
				TEST_HOST = "$(BUILT_PRODUCTS_DIR)/FocusBuddy.app/$(BUNDLE_EXECUTABLE_FOLDER_PATH)/FocusBuddy";
			};
			name = Release;
		};
		D65BCC732E551AE600384197 /* Debug */ = {
			isa = XCBuildConfiguration;
			buildSettings = {
				ALWAYS_EMBED_SWIFT_STANDARD_LIBRARIES = YES;
				CODE_SIGN_STYLE = Automatic;
				CURRENT_PROJECT_VERSION = 1;
				DEVELOPMENT_TEAM = 3775A7F5Y6;
				GENERATE_INFOPLIST_FILE = YES;
				MARKETING_VERSION = 1.0;
				PRODUCT_BUNDLE_IDENTIFIER = rana.FocusBuddyUITests;
				PRODUCT_NAME = "$(TARGET_NAME)";
				SWIFT_EMIT_LOC_STRINGS = NO;
				SWIFT_VERSION = 5.0;
				TEST_TARGET_NAME = FocusBuddy;
			};
			name = Debug;
		};
		D65BCC742E551AE600384197 /* Release */ = {
			isa = XCBuildConfiguration;
			buildSettings = {
				ALWAYS_EMBED_SWIFT_STANDARD_LIBRARIES = YES;
				CODE_SIGN_STYLE = Automatic;
				CURRENT_PROJECT_VERSION = 1;
				DEVELOPMENT_TEAM = 3775A7F5Y6;
				GENERATE_INFOPLIST_FILE = YES;
				MARKETING_VERSION = 1.0;
				PRODUCT_BUNDLE_IDENTIFIER = rana.FocusBuddyUITests;
				PRODUCT_NAME = "$(TARGET_NAME)";
				SWIFT_EMIT_LOC_STRINGS = NO;
				SWIFT_VERSION = 5.0;
				TEST_TARGET_NAME = FocusBuddy;
			};
			name = Release;
		};
/* End XCBuildConfiguration section */

/* Begin XCConfigurationList section */
		D65BCC422E551AE400384197 /* Build configuration list for PBXProject "FocusBuddy" */ = {
			isa = XCConfigurationList;
			buildConfigurations = (
				D65BCC6A2E551AE600384197 /* Debug */,
				D65BCC6B2E551AE600384197 /* Release */,
			);
			defaultConfigurationIsVisible = 0;
			defaultConfigurationName = Release;
		};
		D65BCC6C2E551AE600384197 /* Build configuration list for PBXNativeTarget "FocusBuddy" */ = {
			isa = XCConfigurationList;
			buildConfigurations = (
				D65BCC6D2E551AE600384197 /* Debug */,
				D65BCC6E2E551AE600384197 /* Release */,
			);
			defaultConfigurationIsVisible = 0;
			defaultConfigurationName = Release;
		};
		D65BCC6F2E551AE600384197 /* Build configuration list for PBXNativeTarget "FocusBuddyTests" */ = {
			isa = XCConfigurationList;
			buildConfigurations = (
				D65BCC702E551AE600384197 /* Debug */,
				D65BCC712E551AE600384197 /* Release */,
			);
			defaultConfigurationIsVisible = 0;
			defaultConfigurationName = Release;
		};
		D65BCC722E551AE600384197 /* Build configuration list for PBXNativeTarget "FocusBuddyUITests" */ = {
			isa = XCConfigurationList;
			buildConfigurations = (
				D65BCC732E551AE600384197 /* Debug */,
				D65BCC742E551AE600384197 /* Release */,
			);
			defaultConfigurationIsVisible = 0;
			defaultConfigurationName = Release;
		};
/* End XCConfigurationList section */
	};
	rootObject = D65BCC3F2E551AE400384197 /* Project object */;
}
